
Microsoft Visual Studio Solution File, Format Version 12.00
Project("{FAE04EC0-301F-11D3-BF4B-00C04F79EFBC}") = "Student Database", "Student Database\Student Database.csproj", "{35567278-01A0-43B9-914A-237DB01BCCF6}"
EndProject
Global
	GlobalSection(SolutionConfigurationPlatforms) = preSolution
		Debug|Any CPU = Debug|Any CPU
		Release|Any CPU = Release|Any CPU
	EndGlobalSection
	GlobalSection(ProjectConfigurationPlatforms) = postSolution
		{35567278-01A0-43B9-914A-237DB01BCCF6}.Debug|Any CPU.ActiveCfg = Debug|Any CPU
		{35567278-01A0-43B9-914A-237DB01BCCF6}.Debug|Any CPU.Build.0 = Debug|Any CPU
		{35567278-01A0-43B9-914A-237DB01BCCF6}.Release|Any CPU.ActiveCfg = Release|Any CPU
		{35567278-01A0-43B9-914A-237DB01BCCF6}.Release|Any CPU.Build.0 = Release|Any CPU
	EndGlobalSection
EndGlobal
